Microsoft Visual Studio Solution File, Format Version 11.00
# Visual Studio 2008

Project("{B7E29DA2-0326-538C-B255-9BE4FDFDD6FA}") = "EllkayGoalieGame", "Assembly-UnityScript.unityproj", "{BEB0108A-BE76-0C6E-7054-85C26A755E46}"
EndProject
Global
	GlobalSection(SolutionConfigurationPlatforms) = preSolution
		Debug|Any CPU = Debug|Any CPU
		Release|Any CPU = Release|Any CPU
	EndGlobalSection
	GlobalSection(ProjectConfigurationPlatforms) = postSolution
		{BEB0108A-BE76-0C6E-7054-85C26A755E46}.Debug|Any CPU.ActiveCfg = Debug|Any CPU
		{BEB0108A-BE76-0C6E-7054-85C26A755E46}.Debug|Any CPU.Build.0 = Debug|Any CPU
		{BEB0108A-BE76-0C6E-7054-85C26A755E46}.Release|Any CPU.ActiveCfg = Release|Any CPU
		{BEB0108A-BE76-0C6E-7054-85C26A755E46}.Release|Any CPU.Build.0 = Release|Any CPU
	EndGlobalSection
	GlobalSection(SolutionProperties) = preSolution
		HideSolutionNode = FALSE
	EndGlobalSection
																																			GlobalSection(MonoDevelopProperties) = preSolution
		StartupItem = Assembly-CSharp.csproj
		Policies = $0
		$0.TextStylePolicy = $1
		$1.inheritsSet = null
		$1.scope = text/x-csharp
		$0.CSharpFormattingPolicy = $2
		$2.inheritsSet = Mono
		$2.inheritsScope = text/x-csharp
		$2.scope = text/x-csharp
		$0.TextStylePolicy = $3
		$3.FileWidth = 120
		$3.TabWidth = 4
		$3.EolMarker = Unix
		$3.inheritsSet = Mono
		$3.inheritsScope = text/plain
		$3.scope = text/plain
	EndGlobalSection

EndGlobal
